
Microsoft Visual Studio Solution File, Format Version 12.00
# Visual Studio Version 17
VisualStudioVersion = 17.9.34723.18
MinimumVisualStudioVersion = 10.0.40219.1
Project("{FAE04EC0-301F-11D3-BF4B-00C04F79EFBC}") = "OOP_4.2", "OOP_4.2\OOP_4.2.csproj", "{975233EC-FC2D-4A9F-A256-4A97844D0909}"
EndProject
Global
	GlobalSection(SolutionConfigurationPlatforms) = preSolution
		Debug|Any CPU = Debug|Any CPU
		Release|Any CPU = Release|Any CPU
	EndGlobalSection
	GlobalSection(ProjectConfigurationPlatforms) = postSolution
		{975233EC-FC2D-4A9F-A256-4A97844D0909}.Debug|Any CPU.ActiveCfg = Debug|Any CPU
		{975233EC-FC2D-4A9F-A256-4A97844D0909}.Debug|Any CPU.Build.0 = Debug|Any CPU
		{975233EC-FC2D-4A9F-A256-4A97844D0909}.Release|Any CPU.ActiveCfg = Release|Any CPU
		{975233EC-FC2D-4A9F-A256-4A97844D0909}.Release|Any CPU.Build.0 = Release|Any CPU
	EndGlobalSection
	GlobalSection(SolutionProperties) = preSolution
		HideSolutionNode = FALSE
	EndGlobalSection
	GlobalSection(ExtensibilityGlobals) = postSolution
		SolutionGuid = {2D22BE17-BCCF-4D51-9B89-BB4B2E37FDB7}
	EndGlobalSection
EndGlobal
